
Microsoft Visual Studio Solution File, Format Version 12.00
# Visual Studio Version 16
VisualStudioVersion = 16.0.30709.132
MinimumVisualStudioVersion = 10.0.40219.1
Project("{FAE04EC0-301F-11D3-BF4B-00C04F79EFBC}") = "CrudApp", "CrudApp\CrudApp.csproj", "{CB7F5AAB-69B7-4C6C-B390-7BC7A31121B4}"
EndProject
Global
	GlobalSection(SolutionConfigurationPlatforms) = preSolution
		Debug|Any CPU = Debug|Any CPU
		Release|Any CPU = Release|Any CPU
	EndGlobalSection
	GlobalSection(ProjectConfigurationPlatforms) = postSolution
		{CB7F5AAB-69B7-4C6C-B390-7BC7A31121B4}.Debug|Any CPU.ActiveCfg = Debug|Any CPU
		{CB7F5AAB-69B7-4C6C-B390-7BC7A31121B4}.Debug|Any CPU.Build.0 = Debug|Any CPU
		{CB7F5AAB-69B7-4C6C-B390-7BC7A31121B4}.Release|Any CPU.ActiveCfg = Release|Any CPU
		{CB7F5AAB-69B7-4C6C-B390-7BC7A31121B4}.Release|Any CPU.Build.0 = Release|Any CPU
	EndGlobalSection
	GlobalSection(SolutionProperties) = preSolution
		HideSolutionNode = FALSE
	EndGlobalSection
	GlobalSection(ExtensibilityGlobals) = postSolution
		SolutionGuid = {1ED2BB3E-83CA-4510-AD26-1D6BF98BE8E4}
	EndGlobalSection
EndGlobal
